// !$*UTF8*$!
{
	archiveVersion = 1;
	classes = {
	};
	objectVersion = 46;
	objects = {

/* Begin PBXBuildFile section */
		CF8FD8AE1E6B27750000A77A /* main.m in Sources */ = {isa = PBXBuildFile; fileRef = CF8FD8AD1E6B27750000A77A /* main.m */; };
		CF8FD8B11E6B27750000A77A /* AppDelegate.m in Sources */ = {isa = PBXBuildFile; fileRef = CF8FD8B01E6B27750000A77A /* AppDelegate.m */; };
		CF8FD8B41E6B27750000A77A /* ViewController.m in Sources */ = {isa = PBXBuildFile; fileRef = CF8FD8B31E6B27750000A77A /* ViewController.m */; };
		CF8FD8B71E6B27750000A77A /* Main.storyboard in Resources */ = {isa = PBXBuildFile; fileRef = CF8FD8B51E6B27750000A77A /* Main.storyboard */; };
		CF8FD8BA1E6B27750000A77A /* Contacts.xcdatamodeld in Sources */ = {isa = PBXBuildFile; fileRef = CF8FD8B81E6B27750000A77A /* Contacts.xcdatamodeld */; };
		CF8FD8BC1E6B27750000A77A /* Assets.xcassets in Resources */ = {isa = PBXBuildFile; fileRef = CF8FD8BB1E6B27750000A77A /* Assets.xcassets */; };
		CF8FD8BF1E6B27750000A77A /* LaunchScreen.storyboard in Resources */ = {isa = PBXBuildFile; fileRef = CF8FD8BD1E6B27750000A77A /* LaunchScreen.storyboard */; };
/* End PBXBuildFile section */

/* Begin PBXFileReference section */
		CF8FD8A91E6B27750000A77A /* Contacts.app */ = {isa = PBXFileReference; explicitFileType = wrapper.application; includeInIndex = 0; path = Contacts.app; sourceTree = BUILT_PRODUCTS_DIR; };
		CF8FD8AD1E6B27750000A77A /* main.m */ = {isa = PBXFileReference; lastKnownFileType = sourcecode.c.objc; path = main.m; sourceTree = "<group>"; };
		CF8FD8AF1E6B27750000A77A /* AppDelegate.h */ = {isa = PBXFileReference; lastKnownFileType = sourcecode.c.h; path = AppDelegate.h; sourceTree = "<group>"; };
		CF8FD8B01E6B27750000A77A /* AppDelegate.m */ = {isa = PBXFileReference; lastKnownFileType = sourcecode.c.objc; path = AppDelegate.m; sourceTree = "<group>"; };
		CF8FD8B21E6B27750000A77A /* ViewController.h */ = {isa = PBXFileReference; lastKnownFileType = sourcecode.c.h; path = ViewController.h; sourceTree = "<group>"; };
		CF8FD8B31E6B27750000A77A /* ViewController.m */ = {isa = PBXFileReference; lastKnownFileType = sourcecode.c.objc; path = ViewController.m; sourceTree = "<group>"; };
		CF8FD8B61E6B27750000A77A /* Base */ = {isa = PBXFileReference; lastKnownFileType = file.storyboard; name = Base; path = Base.lproj/Main.storyboard; sourceTree = "<group>"; };
		CF8FD8B91E6B27750000A77A /* Contacts.xcdatamodel */ = {isa = PBXFileReference; lastKnownFileType = wrapper.xcdatamodel; path = Contacts.xcdatamodel; sourceTree = "<group>"; };
		CF8FD8BB1E6B27750000A77A /* Assets.xcassets */ = {isa = PBXFileReference; lastKnownFileType = folder.assetcatalog; path = Assets.xcassets; sourceTree = "<group>"; };
		CF8FD8BE1E6B27750000A77A /* Base */ = {isa = PBXFileReference; lastKnownFileType = file.storyboard; name = Base; path = Base.lproj/LaunchScreen.storyboard; sourceTree = "<group>"; };
		CF8FD8C01E6B27750000A77A /* Info.plist */ = {isa = PBXFileReference; lastKnownFileType = text.plist.xml; path = Info.plist; sourceTree = "<group>"; };
/* End PBXFileReference section */

/* Begin PBXFrameworksBuildPhase section */
		CF8FD8A61E6B27740000A77A /* Frameworks */ = {
			isa = PBXFrameworksBuildPhase;
			buildActionMask = 2147483647;
			files = (
			);
			runOnlyForDeploymentPostprocessing = 0;
		};
/* End PBXFrameworksBuildPhase section */

/* Begin PBXGroup section */
		CF8FD8A01E6B27740000A77A = {
			isa = PBXGroup;
			children = (
				CF8FD8AB1E6B27750000A77A /* Contacts */,
				CF8FD8AA1E6B27750000A77A /* Products */,
			);
			sourceTree = "<group>";
		};
		CF8FD8AA1E6B27750000A77A /* Products */ = {
			isa = PBXGroup;
			children = (
				CF8FD8A91E6B27750000A77A /* Contacts.app */,
			);
			name = Products;
			sourceTree = "<group>";
		};
		CF8FD8AB1E6B27750000A77A /* Contacts */ = {
			isa = PBXGroup;
			children = (
				CF8FD8AF1E6B27750000A77A /* AppDelegate.h */,
				CF8FD8B01E6B27750000A77A /* AppDelegate.m */,
				CF8FD8B21E6B27750000A77A /* ViewController.h */,
				CF8FD8B31E6B27750000A77A /* ViewController.m */,
				CF8FD8B51E6B27750000A77A /* Main.storyboard */,
				CF8FD8BB1E6B27750000A77A /* Assets.xcassets */,
				CF8FD8BD1E6B27750000A77A /* LaunchScreen.storyboard */,
				CF8FD8C01E6B27750000A77A /* Info.plist */,
				CF8FD8B81E6B27750000A77A /* Contacts.xcdatamodeld */,
				CF8FD8AC1E6B27750000A77A /* Supporting Files */,
			);
			path = Contacts;
			sourceTree = "<group>";
		};
		CF8FD8AC1E6B27750000A77A /* Supporting Files */ = {
			isa = PBXGroup;
			children = (
				CF8FD8AD1E6B27750000A77A /* main.m */,
			);
			name = "Supporting Files";
			sourceTree = "<group>";
		};
/* End PBXGroup section */

/* Begin PBXNativeTarget section */
		CF8FD8A81E6B27740000A77A /* Contacts */ = {
			isa = PBXNativeTarget;
			buildConfigurationList = CF8FD8C31E6B27750000A77A /* Build configuration list for PBXNativeTarget "Contacts" */;
			buildPhases = (
				CF8FD8A51E6B27740000A77A /* Sources */,
				CF8FD8A61E6B27740000A77A /* Frameworks */,
				CF8FD8A71E6B27740000A77A /* Resources */,
			);
			buildRules = (
			);
			dependencies = (
			);
			name = Contacts;
			productName = Contacts;
			productReference = CF8FD8A91E6B27750000A77A /* Contacts.app */;
			productType = "com.apple.product-type.application";
		};
/* End PBXNativeTarget section */

/* Begin PBXProject section */
		CF8FD8A11E6B27740000A77A /* Project object */ = {
			isa = PBXProject;
			attributes = {
				LastUpgradeCheck = 0820;
				ORGANIZATIONNAME = "Ashwin Tallapaka";
				TargetAttributes = {
					CF8FD8A81E6B27740000A77A = {
						CreatedOnToolsVersion = 8.2.1;
						DevelopmentTeam = XQW53V53S6;
						ProvisioningStyle = Automatic;
					};
				};
			};
			buildConfigurationList = CF8FD8A41E6B27740000A77A /* Build configuration list for PBXProject "Contacts" */;
			compatibilityVersion = "Xcode 3.2";
			developmentRegion = English;
			hasScannedForEncodings = 0;
			knownRegions = (
				en,
				Base,
			);
			mainGroup = CF8FD8A01E6B27740000A77A;
			productRefGroup = CF8FD8AA1E6B27750000A77A /* Products */;
			projectDirPath = "";
			projectRoot = "";
			targets = (
				CF8FD8A81E6B27740000A77A /* Contacts */,
			);
		};
/* End PBXProject section */

/* Begin PBXResourcesBuildPhase section */
		CF8FD8A71E6B27740000A77A /* Resources */ = {
			isa = PBXResourcesBuildPhase;
			buildActionMask = 2147483647;
			files = (
				CF8FD8BF1E6B27750000A77A /* LaunchScreen.storyboard in Resources */,
				CF8FD8BC1E6B27750000A77A /* Assets.xcassets in Resources */,
				CF8FD8B71E6B27750000A77A /* Main.storyboard in Resources */,
			);
			runOnlyForDeploymentPostprocessing = 0;
		};
/* End PBXResourcesBuildPhase section */

/* Begin PBXSourcesBuildPhase section */
		CF8FD8A51E6B27740000A77A /* Sources */ = {
			isa = PBXSourcesBuildPhase;
			buildActionMask = 2147483647;
			files = (
				CF8FD8BA1E6B27750000A77A /* Contacts.xcdatamodeld in Sources */,
				CF8FD8B41E6B27750000A77A /* ViewController.m in Sources */,
				CF8FD8B11E6B27750000A77A /* AppDelegate.m in Sources */,
				CF8FD8AE1E6B27750000A77A /* main.m in Sources */,
			);
			runOnlyForDeploymentPostprocessing = 0;
		};
/* End PBXSourcesBuildPhase section */

/* Begin PBXVariantGroup section */
		CF8FD8B51E6B27750000A77A /* Main.storyboard */ = {
			isa = PBXVariantGroup;
			children = (
				CF8FD8B61E6B27750000A77A /* Base */,
			);
			name = Main.storyboard;
			sourceTree = "<group>";
		};
		CF8FD8BD1E6B27750000A77A /* LaunchScreen.storyboard */ = {
			isa = PBXVariantGroup;
			children = (
				CF8FD8BE1E6B27750000A77A /* Base */,
			);
			name = LaunchScreen.storyboard;
			sourceTree = "<group>";
		};
/* End PBXVariantGroup section */

/* Begin XCBuildConfiguration section */
		CF8FD8C11E6B27750000A77A /* Debug */ = {
			isa = XCBuildConfiguration;
			buildSettings = {
				ALWAYS_SEARCH_USER_PATHS = NO;
				CLANG_ANALYZER_NONNULL = YES;
				CLANG_CXX_LANGUAGE_STANDARD = "gnu++0x";
				CLANG_CXX_LIBRARY = "libc++";
				CLANG_ENABLE_MODULES = YES;
				CLANG_ENABLE_OBJC_ARC = YES;
				CLANG_WARN_BOOL_CONVERSION = YES;
				CLANG_WARN_CONSTANT_CONVERSION = YES;
				CLANG_WARN_DIRECT_OBJC_ISA_USAGE = YES_ERROR;
				CLANG_WARN_DOCUMENTATION_COMMENTS = YES;
				CLANG_WARN_EMPTY_BODY = YES;
				CLANG_WARN_ENUM_CONVERSION = YES;
				CLANG_WARN_INFINITE_RECURSION = YES;
				CLANG_WARN_INT_CONVERSION = YES;
				CLANG_WARN_OBJC_ROOT_CLASS = YES_ERROR;
				CLANG_WARN_SUSPICIOUS_MOVE = YES;
				CLANG_WARN_UNREACHABLE_CODE = YES;
				CLANG_WARN__DUPLICATE_METHOD_MATCH = YES;
				"CODE_SIGN_IDENTITY[sdk=iphoneos*]" = "iPhone Developer";
				COPY_PHASE_STRIP = NO;
				DEBUG_INFORMATION_FORMAT = dwarf;
				ENABLE_STRICT_OBJC_MSGSEND = YES;
				ENABLE_TESTABILITY = YES;
				GCC_C_LANGUAGE_STANDARD = gnu99;
				GCC_DYNAMIC_NO_PIC = NO;
				GCC_NO_COMMON_BLOCKS = YES;
				GCC_OPTIMIZATION_LEVEL = 0;
				GCC_PREPROCESSOR_DEFINITIONS = (
					"DEBUG=1",
					"$(inherited)",
				);
				GCC_WARN_64_TO_32_BIT_CONVERSION = YES;
				GCC_WARN_ABOUT_RETURN_TYPE = YES_ERROR;
				GCC_WARN_UNDECLARED_SELECTOR = YES;
				GCC_WARN_UNINITIALIZED_AUTOS = YES_AGGRESSIVE;
				GCC_WARN_UNUSED_FUNCTION = YES;
				GCC_WARN_UNUSED_VARIABLE = YES;
				IPHONEOS_DEPLOYMENT_TARGET = 10.2;
				MTL_ENABLE_DEBUG_INFO = YES;
				ONLY_ACTIVE_ARCH = YES;
				SDKROOT = iphoneos;
				TARGETED_DEVICE_FAMILY = "1,2";
			};
			name = Debug;
		};
		CF8FD8C21E6B27750000A77A /* Release */ = {
			isa = XCBuildConfiguration;
			buildSettings = {
				ALWAYS_SEARCH_USER_PATHS = NO;
				CLANG_ANALYZER_NONNULL = YES;
				CLANG_CXX_LANGUAGE_STANDARD = "gnu++0x";
				CLANG_CXX_LIBRARY = "libc++";
				CLANG_ENABLE_MODULES = YES;
				CLANG_ENABLE_OBJC_ARC = YES;
				CLANG_WARN_BOOL_CONVERSION = YES;
				CLANG_WARN_CONSTANT_CONVERSION = YES;
				CLANG_WARN_DIRECT_OBJC_ISA_USAGE = YES_ERROR;
				CLANG_WARN_DOCUMENTATION_COMMENTS = YES;
				CLANG_WARN_EMPTY_BODY = YES;
				CLANG_WARN_ENUM_CONVERSION = YES;
				CLANG_WARN_INFINITE_RECURSION = YES;
				CLANG_WARN_INT_CONVERSION = YES;
				CLANG_WARN_OBJC_ROOT_CLASS = YES_ERROR;
				CLANG_WARN_SUSPICIOUS_MOVE = YES;
				CLANG_WARN_UNREACHABLE_CODE = YES;
				CLANG_WARN__DUPLICATE_METHOD_MATCH = YES;
				"CODE_SIGN_IDENTITY[sdk=iphoneos*]" = "iPhone Developer";
				COPY_PHASE_STRIP = NO;
				DEBUG_INFORMATION_FORMAT = "dwarf-with-dsym";
				ENABLE_NS_ASSERTIONS = NO;
				ENABLE_STRICT_OBJC_MSGSEND = YES;
				GCC_C_LANGUAGE_STANDARD = gnu99;
				GCC_NO_COMMON_BLOCKS = YES;
				GCC_WARN_64_TO_32_BIT_CONVERSION = YES;
				GCC_WARN_ABOUT_RETURN_TYPE = YES_ERROR;
				GCC_WARN_UNDECLARED_SELECTOR = YES;
				GCC_WARN_UNINITIALIZED_AUTOS = YES_AGGRESSIVE;
				GCC_WARN_UNUSED_FUNCTION = YES;
				GCC_WARN_UNUSED_VARIABLE = YES;
				IPHONEOS_DEPLOYMENT_TARGET = 10.2;
				MTL_ENABLE_DEBUG_INFO = NO;
				SDKROOT = iphoneos;
				TARGETED_DEVICE_FAMILY = "1,2";
				VALIDATE_PRODUCT = YES;
			};
			name = Release;
		};
		CF8FD8C41E6B27750000A77A /* Debug */ = {
			isa = XCBuildConfiguration;
			buildSettings = {
				ASSETCATALOG_COMPILER_APPICON_NAME = AppIcon;
				DEVELOPMENT_TEAM = XQW53V53S6;
				INFOPLIST_FILE = Contacts/Info.plist;
				LD_RUNPATH_SEARCH_PATHS = "$(inherited) @executable_path/Frameworks";
				PRODUCT_BUNDLE_IDENTIFIER = com.ashwint379.Contacts;
				PRODUCT_NAME = "$(TARGET_NAME)";
			};
			name = Debug;
		};
		CF8FD8C51E6B27750000A77A /* Release */ = {
			isa = XCBuildConfiguration;
			buildSettings = {
				ASSETCATALOG_COMPILER_APPICON_NAME = AppIcon;
				DEVELOPMENT_TEAM = XQW53V53S6;
				INFOPLIST_FILE = Contacts/Info.plist;
				LD_RUNPATH_SEARCH_PATHS = "$(inherited) @executable_path/Frameworks";
				PRODUCT_BUNDLE_IDENTIFIER = com.ashwint379.Contacts;
				PRODUCT_NAME = "$(TARGET_NAME)";
			};
			name = Release;
		};
/* End XCBuildConfiguration section */

/* Begin XCConfigurationList section */
		CF8FD8A41E6B27740000A77A /* Build configuration list for PBXProject "Contacts" */ = {
			isa = XCConfigurationList;
			buildConfigurations = (
				CF8FD8C11E6B27750000A77A /* Debug */,
				CF8FD8C21E6B27750000A77A /* Release */,
			);
			defaultConfigurationIsVisible = 0;
			defaultConfigurationName = Release;
		};
		CF8FD8C31E6B27750000A77A /* Build configuration list for PBXNativeTarget "Contacts" */ = {
			isa = XCConfigurationList;
			buildConfigurations = (
				CF8FD8C41E6B27750000A77A /* Debug */,
				CF8FD8C51E6B27750000A77A /* Release */,
			);
			defaultConfigurationIsVisible = 0;
		};
/* End XCConfigurationList section */

/* Begin XCVersionGroup section */
		CF8FD8B81E6B27750000A77A /* Contacts.xcdatamodeld */ = {
			isa = XCVersionGroup;
			children = (
				CF8FD8B91E6B27750000A77A /* Contacts.xcdatamodel */,
			);
			currentVersion = CF8FD8B91E6B27750000A77A /* Contacts.xcdatamodel */;
			path = Contacts.xcdatamodeld;
			sourceTree = "<group>";
			versionGroupType = wrapper.xcdatamodel;
		};
/* End XCVersionGroup section */
	};
	rootObject = CF8FD8A11E6B27740000A77A /* Project object */;
}
